Microsoft Visual Studio Solution File, Format Version 12.00
# Visual Studio Version 17
VisualStudioVersion = 17.5.2.0
MinimumVisualStudioVersion = 10.0.40219.1
Project("{FAE04EC0-301F-11D3-BF4B-00C04F79EFBC}") = "JsonContext", "JsonContext.csproj", "{566CFA1D-2622-366A-746D-F59A6BF633AA}"
EndProject
Global
	GlobalSection(SolutionConfigurationPlatforms) = preSolution
		Debug|Any CPU = Debug|Any CPU
		Release|Any CPU = Release|Any CPU
	EndGlobalSection
	GlobalSection(ProjectConfigurationPlatforms) = postSolution
		{566CFA1D-2622-366A-746D-F59A6BF633AA}.Debug|Any CPU.ActiveCfg = Debug|Any CPU
		{566CFA1D-2622-366A-746D-F59A6BF633AA}.Debug|Any CPU.Build.0 = Debug|Any CPU
		{566CFA1D-2622-366A-746D-F59A6BF633AA}.Release|Any CPU.ActiveCfg = Release|Any CPU
		{566CFA1D-2622-366A-746D-F59A6BF633AA}.Release|Any CPU.Build.0 = Release|Any CPU
	EndGlobalSection
	GlobalSection(SolutionProperties) = preSolution
		HideSolutionNode = FALSE
	EndGlobalSection
	GlobalSection(ExtensibilityGlobals) = postSolution
		SolutionGuid = {EB10BC2D-3FC1-4753-9BAA-5F27A57C0FE6}
	EndGlobalSection
EndGlobal
