{
  "lockfileVersion": 1,
  "configVersion": 1,
  "workspaces": {
    "": {
      "name": "continuity-error-telemetry",
      "devDependencies": {
        "@cloudflare/workers-types": "*",
        "typescript": "^5.9.2",
      },
    },
  },
  "packages": {
    "@cloudflare/workers-types": ["@cloudflare/workers-types@5.20260723.1", "", {}, "sha512-+P5tDo+ZjW5nmWq/zagLVIyV8U/mSk7n8n0mLUHjn3pOdY7kdEDmURUxvhwwYqLJ/VPnyMJPAYtZjHbqAnIpDg=="],

    "typescript": ["typescript@5.9.3", "", { "bin": { "tsc": "bin/tsc", "tsserver": "bin/tsserver" } }, "sha512-jl1vZzPDinLr9eUt3J/t7V6FgNEw9QjvBPdysz9KfQDD41fQrC2Y4vKQdiaUpFT4bXlb1RHhLpp8wtm6M5TgSw=="],
  }
}
